// !$*UTF8*$!
{
	archiveVersion = 1;
	classes = {
	};
	objectVersion = 46;
	objects = {

/* Begin PBXBuildFile section */
		11D06F871DA7BA3300E462DD /* CrossFrm.framework in Frameworks */ = {isa = PBXBuildFile; fileRef = 11F682721DA295A60018E6AF /* CrossFrm.framework */; };
		11D58BB61DA2A0B80022F903 /* CrossFrmTests.swift in Sources */ = {isa = PBXBuildFile; fileRef = 11D58BB51DA2A0B80022F903 /* CrossFrmTests.swift */; };
		11D58BBC1DA2A4CC0022F903 /* Utils.swift in Sources */ = {isa = PBXBuildFile; fileRef = 11D58BBB1DA2A4CC0022F903 /* Utils.swift */; };
		11F6827E1DA295C60018E6AF /* CrossFrm.h in Headers */ = {isa = PBXBuildFile; fileRef = 11F6827C1DA295C60018E6AF /* CrossFrm.h */; settings = {ATTRIBUTES = (Public, ); }; };
/* End PBXBuildFile section */

/* Begin PBXContainerItemProxy section */
		111EFEA81DAF955F00E8F0CD /* PBXContainerItemProxy */ = {
			isa = PBXContainerItemProxy;
			containerPortal = 116452C61DA28FD100936C8A /* Project object */;
			proxyType = 1;
			remoteGlobalIDString = 11F682711DA295A60018E6AF;
			remoteInfo = CrossFrm;
		};
/* End PBXContainerItemProxy section */

/* Begin PBXFileReference section */
		111EFEAA1DAF9A2700E8F0CD /* Carthage.xcconfig */ = {isa = PBXFileReference; lastKnownFileType = text.xcconfig; path = Carthage.xcconfig; sourceTree = "<group>"; };
		11D58BB31DA2A0B70022F903 /* CrossFrmTests.xctest */ = {isa = PBXFileReference; explicitFileType = wrapper.cfbundle; includeInIndex = 0; path = CrossFrmTests.xctest; sourceTree = BUILT_PRODUCTS_DIR; };
		11D58BB51DA2A0B80022F903 /* CrossFrmTests.swift */ = {isa = PBXFileReference; lastKnownFileType = sourcecode.swift; path = CrossFrmTests.swift; sourceTree = "<group>"; };
		11D58BB71DA2A0B80022F903 /* Info.plist */ = {isa = PBXFileReference; lastKnownFileType = text.plist.xml; path = Info.plist; sourceTree = "<group>"; };
		11D58BBB1DA2A4CC0022F903 /* Utils.swift */ = {isa = PBXFileReference; fileEncoding = 4; lastKnownFileType = sourcecode.swift; path = Utils.swift; sourceTree = "<group>"; };
		11F682721DA295A60018E6AF /* CrossFrm.framework */ = {isa = PBXFileReference; explicitFileType = wrapper.framework; includeInIndex = 0; path = CrossFrm.framework; sourceTree = BUILT_PRODUCTS_DIR; };
		11F6827C1DA295C60018E6AF /* CrossFrm.h */ = {isa = PBXFileReference; fileEncoding = 4; lastKnownFileType = sourcecode.c.h; path = CrossFrm.h; sourceTree = "<group>"; };
		11F6827D1DA295C60018E6AF /* Info.plist */ = {isa = PBXFileReference; fileEncoding = 4; lastKnownFileType = text.plist.xml; path = Info.plist; sourceTree = "<group>"; };
/* End PBXFileReference section */

/* Begin PBXFrameworksBuildPhase section */
		11D58BB01DA2A0B70022F903 /* Frameworks */ = {
			isa = PBXFrameworksBuildPhase;
			buildActionMask = 2147483647;
			files = (
				11D06F871DA7BA3300E462DD /* CrossFrm.framework in Frameworks */,
			);
			runOnlyForDeploymentPostprocessing = 0;
		};
		11F6826E1DA295A60018E6AF /* Frameworks */ = {
			isa = PBXFrameworksBuildPhase;
			buildActionMask = 2147483647;
			files = (
			);
			runOnlyForDeploymentPostprocessing = 0;
		};
/* End PBXFrameworksBuildPhase section */

/* Begin PBXGroup section */
		116452C51DA28FD100936C8A = {
			isa = PBXGroup;
			children = (
				111EFEAA1DAF9A2700E8F0CD /* Carthage.xcconfig */,
				11F6827B1DA295C60018E6AF /* Sources */,
				11D58BB41DA2A0B80022F903 /* CrossFrmTests */,
				11F682731DA295A60018E6AF /* Products */,
			);
			sourceTree = "<group>";
		};
		11D58BB41DA2A0B80022F903 /* CrossFrmTests */ = {
			isa = PBXGroup;
			children = (
				11D58BB51DA2A0B80022F903 /* CrossFrmTests.swift */,
				11D58BB71DA2A0B80022F903 /* Info.plist */,
			);
			name = CrossFrmTests;
			path = Tests;
			sourceTree = "<group>";
		};
		11F682731DA295A60018E6AF /* Products */ = {
			isa = PBXGroup;
			children = (
				11F682721DA295A60018E6AF /* CrossFrm.framework */,
				11D58BB31DA2A0B70022F903 /* CrossFrmTests.xctest */,
			);
			name = Products;
			sourceTree = "<group>";
		};
		11F6827B1DA295C60018E6AF /* Sources */ = {
			isa = PBXGroup;
			children = (
				11F6827C1DA295C60018E6AF /* CrossFrm.h */,
				11D58BBB1DA2A4CC0022F903 /* Utils.swift */,
				11F6827D1DA295C60018E6AF /* Info.plist */,
			);
			path = Sources;
			sourceTree = "<group>";
		};
/* End PBXGroup section */

/* Begin PBXHeadersBuildPhase section */
		11F6826F1DA295A60018E6AF /* Headers */ = {
			isa = PBXHeadersBuildPhase;
			buildActionMask = 2147483647;
			files = (
				11F6827E1DA295C60018E6AF /* CrossFrm.h in Headers */,
			);
			runOnlyForDeploymentPostprocessing = 0;
		};
/* End PBXHeadersBuildPhase section */

/* Begin PBXNativeTarget section */
		11D58BB21DA2A0B70022F903 /* CrossFrmTests */ = {
			isa = PBXNativeTarget;
			buildConfigurationList = 11D58BBA1DA2A0B80022F903 /* Build configuration list for PBXNativeTarget "CrossFrmTests" */;
			buildPhases = (
				11D58BAF1DA2A0B70022F903 /* Sources */,
				11D58BB01DA2A0B70022F903 /* Frameworks */,
				11D58BB11DA2A0B70022F903 /* Resources */,
				111EFEA71DAF947900E8F0CD /* Copy Carthage Frameworks */,
			);
			buildRules = (
			);
			dependencies = (
				111EFEA91DAF955F00E8F0CD /* PBXTargetDependency */,
			);
			name = CrossFrmTests;
			productName = CrossFrmTests;
			productReference = 11D58BB31DA2A0B70022F903 /* CrossFrmTests.xctest */;
			productType = "com.apple.product-type.bundle.unit-test";
		};
		11F682711DA295A60018E6AF /* CrossFrm */ = {
			isa = PBXNativeTarget;
			buildConfigurationList = 11F6827A1DA295A60018E6AF /* Build configuration list for PBXNativeTarget "CrossFrm" */;
			buildPhases = (
				11F6826D1DA295A60018E6AF /* Sources */,
				11F6826E1DA295A60018E6AF /* Frameworks */,
				11F6826F1DA295A60018E6AF /* Headers */,
				11F682701DA295A60018E6AF /* Resources */,
			);
			buildRules = (
			);
			dependencies = (
			);
			name = CrossFrm;
			productName = CrossFrm;
			productReference = 11F682721DA295A60018E6AF /* CrossFrm.framework */;
			productType = "com.apple.product-type.framework";
		};
/* End PBXNativeTarget section */

/* Begin PBXProject section */
		116452C61DA28FD100936C8A /* Project object */ = {
			isa = PBXProject;
			attributes = {
				LastUpgradeCheck = 0800;
				TargetAttributes = {
					11D58BB21DA2A0B70022F903 = {
						CreatedOnToolsVersion = 8.0;
						DevelopmentTeam = TV3T7A76P4;
						ProvisioningStyle = Automatic;
					};
					11F682711DA295A60018E6AF = {
						CreatedOnToolsVersion = 8.0;
						DevelopmentTeam = TV3T7A76P4;
						ProvisioningStyle = Automatic;
					};
				};
			};
			buildConfigurationList = 116452C91DA28FD100936C8A /* Build configuration list for PBXProject "CrossFrm" */;
			compatibilityVersion = "Xcode 3.2";
			developmentRegion = English;
			hasScannedForEncodings = 0;
			knownRegions = (
				en,
			);
			mainGroup = 116452C51DA28FD100936C8A;
			productRefGroup = 11F682731DA295A60018E6AF /* Products */;
			projectDirPath = "";
			projectRoot = "";
			targets = (
				11F682711DA295A60018E6AF /* CrossFrm */,
				11D58BB21DA2A0B70022F903 /* CrossFrmTests */,
			);
		};
/* End PBXProject section */

/* Begin PBXResourcesBuildPhase section */
		11D58BB11DA2A0B70022F903 /* Resources */ = {
			isa = PBXResourcesBuildPhase;
			buildActionMask = 2147483647;
			files = (
			);
			runOnlyForDeploymentPostprocessing = 0;
		};
		11F682701DA295A60018E6AF /* Resources */ = {
			isa = PBXResourcesBuildPhase;
			buildActionMask = 2147483647;
			files = (
			);
			runOnlyForDeploymentPostprocessing = 0;
		};
/* End PBXResourcesBuildPhase section */

/* Begin PBXShellScriptBuildPhase section */
		111EFEA71DAF947900E8F0CD /* Copy Carthage Frameworks */ = {
			isa = PBXShellScriptBuildPhase;
			buildActionMask = 2147483647;
			files = (
			);
			inputPaths = (
				KeychainAccess,
			);
			name = "Copy Carthage Frameworks";
			outputPaths = (
			);
			runOnlyForDeploymentPostprocessing = 0;
			shellPath = /bin/sh;
			shellScript = "case \"$PLATFORM_NAME\" in\nmacosx) plat=Mac;;\niphone*) plat=iOS;;\nwatch*) plat=watchOS;;\ntv*) plat=tvOS;;\n*) echo \"error: Unknown PLATFORM_NAME: $PLATFORM_NAME\"; exit 1;;\nesac\nfor (( n = 0; n < SCRIPT_INPUT_FILE_COUNT; n++ )); do\nVAR=SCRIPT_INPUT_FILE_$n\nframework=$(basename \"${!VAR}\")\nexport SCRIPT_INPUT_FILE_$n=\"$SRCROOT\"/Carthage/Build/$plat/\"$framework\".framework\ndone\n\n/usr/local/bin/carthage copy-frameworks || exit\n\nfor (( n = 0; n < SCRIPT_INPUT_FILE_COUNT; n++ )); do\nVAR=SCRIPT_INPUT_FILE_$n\nsource=${!VAR}.dSYM\ndest=${BUILT_PRODUCTS_DIR}/$(basename \"$source\")\nditto \"$source\" \"$dest\" || exit\ndone";
			showEnvVarsInLog = 0;
		};
/* End PBXShellScriptBuildPhase section */

/* Begin PBXSourcesBuildPhase section */
		11D58BAF1DA2A0B70022F903 /* Sources */ = {
			isa = PBXSourcesBuildPhase;
			buildActionMask = 2147483647;
			files = (
				11D58BB61DA2A0B80022F903 /* CrossFrmTests.swift in Sources */,
			);
			runOnlyForDeploymentPostprocessing = 0;
		};
		11F6826D1DA295A60018E6AF /* Sources */ = {
			isa = PBXSourcesBuildPhase;
			buildActionMask = 2147483647;
			files = (
				11D58BBC1DA2A4CC0022F903 /* Utils.swift in Sources */,
			);
			runOnlyForDeploymentPostprocessing = 0;
		};
/* End PBXSourcesBuildPhase section */

/* Begin PBXTargetDependency section */
		111EFEA91DAF955F00E8F0CD /* PBXTargetDependency */ = {
			isa = PBXTargetDependency;
			target = 11F682711DA295A60018E6AF /* CrossFrm */;
			targetProxy = 111EFEA81DAF955F00E8F0CD /* PBXContainerItemProxy */;
		};
/* End PBXTargetDependency section */

/* Begin XCBuildConfiguration section */
		116452CA1DA28FD100936C8A /* Debug */ = {
			isa = XCBuildConfiguration;
			baseConfigurationReference = 111EFEAA1DAF9A2700E8F0CD /* Carthage.xcconfig */;
			buildSettings = {
				ENABLE_TESTABILITY = YES;
				IPHONEOS_DEPLOYMENT_TARGET = 8.0;
				MACOSX_DEPLOYMENT_TARGET = 10.10;
				SUPPORTED_PLATFORMS = "iphonesimulator iphoneos appletvsimulator appletvos watchsimulator watchos macosx";
				TARGETED_DEVICE_FAMILY = "1,2,3,4";
				TVOS_DEPLOYMENT_TARGET = 9.2;
				WATCHOS_DEPLOYMENT_TARGET = 2.2;
			};
			name = Debug;
		};
		116452CB1DA28FD100936C8A /* Release */ = {
			isa = XCBuildConfiguration;
			baseConfigurationReference = 111EFEAA1DAF9A2700E8F0CD /* Carthage.xcconfig */;
			buildSettings = {
				IPHONEOS_DEPLOYMENT_TARGET = 8.0;
				MACOSX_DEPLOYMENT_TARGET = 10.10;
				SUPPORTED_PLATFORMS = "iphonesimulator iphoneos appletvsimulator appletvos watchsimulator watchos macosx";
				TARGETED_DEVICE_FAMILY = "1,2,3,4";
				TVOS_DEPLOYMENT_TARGET = 9.2;
				WATCHOS_DEPLOYMENT_TARGET = 2.2;
			};
			name = Release;
		};
		11D58BB81DA2A0B80022F903 /* Debug */ = {
			isa = XCBuildConfiguration;
			buildSettings = {
				ALWAYS_SEARCH_USER_PATHS = NO;
				CLANG_ANALYZER_NONNULL = YES;
				CLANG_CXX_LANGUAGE_STANDARD = "gnu++0x";
				CLANG_CXX_LIBRARY = "libc++";
				CLANG_ENABLE_MODULES = YES;
				CLANG_ENABLE_OBJC_ARC = YES;
				CLANG_WARN_BOOL_CONVERSION = YES;
				CLANG_WARN_CONSTANT_CONVERSION = YES;
				CLANG_WARN_DIRECT_OBJC_ISA_USAGE = YES_ERROR;
				CLANG_WARN_DOCUMENTATION_COMMENTS = YES;
				CLANG_WARN_EMPTY_BODY = YES;
				CLANG_WARN_ENUM_CONVERSION = YES;
				CLANG_WARN_INFINITE_RECURSION = YES;
				CLANG_WARN_INT_CONVERSION = YES;
				CLANG_WARN_OBJC_ROOT_CLASS = YES_ERROR;
				CLANG_WARN_SUSPICIOUS_MOVES = YES;
				CLANG_WARN_UNREACHABLE_CODE = YES;
				CLANG_WARN__DUPLICATE_METHOD_MATCH = YES;
				"CODE_SIGN_IDENTITY[sdk=iphoneos*]" = "iPhone Developer";
				COPY_PHASE_STRIP = NO;
				DEBUG_INFORMATION_FORMAT = dwarf;
				DEVELOPMENT_TEAM = TV3T7A76P4;
				ENABLE_STRICT_OBJC_MSGSEND = YES;
				ENABLE_TESTABILITY = YES;
				GCC_C_LANGUAGE_STANDARD = gnu99;
				GCC_DYNAMIC_NO_PIC = NO;
				GCC_NO_COMMON_BLOCKS = YES;
				GCC_OPTIMIZATION_LEVEL = 0;
				GCC_PREPROCESSOR_DEFINITIONS = (
					"DEBUG=1",
					"$(inherited)",
				);
				GCC_WARN_64_TO_32_BIT_CONVERSION = YES;
				GCC_WARN_ABOUT_RETURN_TYPE = YES_ERROR;
				GCC_WARN_UNDECLARED_SELECTOR = YES;
				GCC_WARN_UNINITIALIZED_AUTOS = YES_AGGRESSIVE;
				GCC_WARN_UNUSED_FUNCTION = YES;
				GCC_WARN_UNUSED_VARIABLE = YES;
				INFOPLIST_FILE = Tests/Info.plist;
				LD_RUNPATH_SEARCH_PATHS = "$(inherited) @executable_path/Frameworks @loader_path/Frameworks";
				"LD_RUNPATH_SEARCH_PATHS[sdk=macosx*]" = "@executable_path/../Frameworks @loader_path/../Frameworks";
				MTL_ENABLE_DEBUG_INFO = YES;
				PRODUCT_BUNDLE_IDENTIFIER = com.cososys.CrossFrmTests;
				PRODUCT_NAME = "$(TARGET_NAME)";
				SWIFT_ACTIVE_COMPILATION_CONDITIONS = DEBUG;
				SWIFT_OPTIMIZATION_LEVEL = "-Onone";
				SWIFT_VERSION = 3.0;
			};
			name = Debug;
		};
		11D58BB91DA2A0B80022F903 /* Release */ = {
			isa = XCBuildConfiguration;
			buildSettings = {
				ALWAYS_SEARCH_USER_PATHS = NO;
				CLANG_ANALYZER_NONNULL = YES;
				CLANG_CXX_LANGUAGE_STANDARD = "gnu++0x";
				CLANG_CXX_LIBRARY = "libc++";
				CLANG_ENABLE_MODULES = YES;
				CLANG_ENABLE_OBJC_ARC = YES;
				CLANG_WARN_BOOL_CONVERSION = YES;
				CLANG_WARN_CONSTANT_CONVERSION = YES;
				CLANG_WARN_DIRECT_OBJC_ISA_USAGE = YES_ERROR;
				CLANG_WARN_DOCUMENTATION_COMMENTS = YES;
				CLANG_WARN_EMPTY_BODY = YES;
				CLANG_WARN_ENUM_CONVERSION = YES;
				CLANG_WARN_INFINITE_RECURSION = YES;
				CLANG_WARN_INT_CONVERSION = YES;
				CLANG_WARN_OBJC_ROOT_CLASS = YES_ERROR;
				CLANG_WARN_SUSPICIOUS_MOVES = YES;
				CLANG_WARN_UNREACHABLE_CODE = YES;
				CLANG_WARN__DUPLICATE_METHOD_MATCH = YES;
				"CODE_SIGN_IDENTITY[sdk=iphoneos*]" = "iPhone Developer";
				COPY_PHASE_STRIP = NO;
				DEBUG_INFORMATION_FORMAT = "dwarf-with-dsym";
				DEVELOPMENT_TEAM = TV3T7A76P4;
				ENABLE_NS_ASSERTIONS = NO;
				ENABLE_STRICT_OBJC_MSGSEND = YES;
				GCC_C_LANGUAGE_STANDARD = gnu99;
				GCC_NO_COMMON_BLOCKS = YES;
				GCC_WARN_64_TO_32_BIT_CONVERSION = YES;
				GCC_WARN_ABOUT_RETURN_TYPE = YES_ERROR;
				GCC_WARN_UNDECLARED_SELECTOR = YES;
				GCC_WARN_UNINITIALIZED_AUTOS = YES_AGGRESSIVE;
				GCC_WARN_UNUSED_FUNCTION = YES;
				GCC_WARN_UNUSED_VARIABLE = YES;
				INFOPLIST_FILE = Tests/Info.plist;
				LD_RUNPATH_SEARCH_PATHS = "$(inherited) @executable_path/Frameworks @loader_path/Frameworks";
				"LD_RUNPATH_SEARCH_PATHS[sdk=macosx*]" = "@executable_path/../Frameworks @loader_path/../Frameworks";
				MTL_ENABLE_DEBUG_INFO = NO;
				PRODUCT_BUNDLE_IDENTIFIER = com.cososys.CrossFrmTests;
				PRODUCT_NAME = "$(TARGET_NAME)";
				SWIFT_OPTIMIZATION_LEVEL = "-Owholemodule";
				SWIFT_VERSION = 3.0;
				VALIDATE_PRODUCT = YES;
			};
			name = Release;
		};
		11F682781DA295A60018E6AF /* Debug */ = {
			isa = XCBuildConfiguration;
			buildSettings = {
				ALWAYS_SEARCH_USER_PATHS = NO;
				CLANG_ANALYZER_NONNULL = YES;
				CLANG_CXX_LANGUAGE_STANDARD = "gnu++0x";
				CLANG_CXX_LIBRARY = "libc++";
				CLANG_ENABLE_MODULES = YES;
				CLANG_ENABLE_OBJC_ARC = YES;
				CLANG_WARN_BOOL_CONVERSION = YES;
				CLANG_WARN_CONSTANT_CONVERSION = YES;
				CLANG_WARN_DIRECT_OBJC_ISA_USAGE = YES_ERROR;
				CLANG_WARN_DOCUMENTATION_COMMENTS = YES;
				CLANG_WARN_EMPTY_BODY = YES;
				CLANG_WARN_ENUM_CONVERSION = YES;
				CLANG_WARN_INFINITE_RECURSION = YES;
				CLANG_WARN_INT_CONVERSION = YES;
				CLANG_WARN_OBJC_ROOT_CLASS = YES_ERROR;
				CLANG_WARN_SUSPICIOUS_MOVES = YES;
				CLANG_WARN_UNREACHABLE_CODE = YES;
				CLANG_WARN__DUPLICATE_METHOD_MATCH = YES;
				CODE_SIGN_IDENTITY = "";
				"CODE_SIGN_IDENTITY[sdk=iphoneos*]" = "iPhone Developer";
				COPY_PHASE_STRIP = NO;
				CURRENT_PROJECT_VERSION = 1;
				DEBUG_INFORMATION_FORMAT = dwarf;
				DEFINES_MODULE = YES;
				DEVELOPMENT_TEAM = TV3T7A76P4;
				DYLIB_COMPATIBILITY_VERSION = 1;
				DYLIB_CURRENT_VERSION = 1;
				DYLIB_INSTALL_NAME_BASE = "@rpath";
				ENABLE_STRICT_OBJC_MSGSEND = YES;
				ENABLE_TESTABILITY = YES;
				GCC_C_LANGUAGE_STANDARD = gnu99;
				GCC_DYNAMIC_NO_PIC = NO;
				GCC_NO_COMMON_BLOCKS = YES;
				GCC_OPTIMIZATION_LEVEL = 0;
				GCC_PREPROCESSOR_DEFINITIONS = (
					"DEBUG=1",
					"$(inherited)",
				);
				GCC_WARN_64_TO_32_BIT_CONVERSION = YES;
				GCC_WARN_ABOUT_RETURN_TYPE = YES_ERROR;
				GCC_WARN_UNDECLARED_SELECTOR = YES;
				GCC_WARN_UNINITIALIZED_AUTOS = YES_AGGRESSIVE;
				GCC_WARN_UNUSED_FUNCTION = YES;
				GCC_WARN_UNUSED_VARIABLE = YES;
				INFOPLIST_FILE = Sources/Info.plist;
				INSTALL_PATH = "$(LOCAL_LIBRARY_DIR)/Frameworks";
				LD_RUNPATH_SEARCH_PATHS = "$(inherited) @executable_path/Frameworks @loader_path/Frameworks";
				MTL_ENABLE_DEBUG_INFO = YES;
				PRODUCT_BUNDLE_IDENTIFIER = com.cososys.CrossFrm;
				PRODUCT_NAME = "$(TARGET_NAME)";
				SKIP_INSTALL = YES;
				SWIFT_ACTIVE_COMPILATION_CONDITIONS = DEBUG;
				SWIFT_OPTIMIZATION_LEVEL = "-Onone";
				SWIFT_VERSION = 3.0;
				VERSIONING_SYSTEM = "apple-generic";
				VERSION_INFO_PREFIX = "";
			};
			name = Debug;
		};
		11F682791DA295A60018E6AF /* Release */ = {
			isa = XCBuildConfiguration;
			buildSettings = {
				ALWAYS_SEARCH_USER_PATHS = NO;
				CLANG_ANALYZER_NONNULL = YES;
				CLANG_CXX_LANGUAGE_STANDARD = "gnu++0x";
				CLANG_CXX_LIBRARY = "libc++";
				CLANG_ENABLE_MODULES = YES;
				CLANG_ENABLE_OBJC_ARC = YES;
				CLANG_WARN_BOOL_CONVERSION = YES;
				CLANG_WARN_CONSTANT_CONVERSION = YES;
				CLANG_WARN_DIRECT_OBJC_ISA_USAGE = YES_ERROR;
				CLANG_WARN_DOCUMENTATION_COMMENTS = YES;
				CLANG_WARN_EMPTY_BODY = YES;
				CLANG_WARN_ENUM_CONVERSION = YES;
				CLANG_WARN_INFINITE_RECURSION = YES;
				CLANG_WARN_INT_CONVERSION = YES;
				CLANG_WARN_OBJC_ROOT_CLASS = YES_ERROR;
				CLANG_WARN_SUSPICIOUS_MOVES = YES;
				CLANG_WARN_UNREACHABLE_CODE = YES;
				CLANG_WARN__DUPLICATE_METHOD_MATCH = YES;
				CODE_SIGN_IDENTITY = "";
				"CODE_SIGN_IDENTITY[sdk=iphoneos*]" = "iPhone Developer";
				COPY_PHASE_STRIP = NO;
				CURRENT_PROJECT_VERSION = 1;
				DEBUG_INFORMATION_FORMAT = "dwarf-with-dsym";
				DEFINES_MODULE = YES;
				DEVELOPMENT_TEAM = TV3T7A76P4;
				DYLIB_COMPATIBILITY_VERSION = 1;
				DYLIB_CURRENT_VERSION = 1;
				DYLIB_INSTALL_NAME_BASE = "@rpath";
				ENABLE_NS_ASSERTIONS = NO;
				ENABLE_STRICT_OBJC_MSGSEND = YES;
				GCC_C_LANGUAGE_STANDARD = gnu99;
				GCC_NO_COMMON_BLOCKS = YES;
				GCC_WARN_64_TO_32_BIT_CONVERSION = YES;
				GCC_WARN_ABOUT_RETURN_TYPE = YES_ERROR;
				GCC_WARN_UNDECLARED_SELECTOR = YES;
				GCC_WARN_UNINITIALIZED_AUTOS = YES_AGGRESSIVE;
				GCC_WARN_UNUSED_FUNCTION = YES;
				GCC_WARN_UNUSED_VARIABLE = YES;
				INFOPLIST_FILE = Sources/Info.plist;
				INSTALL_PATH = "$(LOCAL_LIBRARY_DIR)/Frameworks";
				LD_RUNPATH_SEARCH_PATHS = "$(inherited) @executable_path/Frameworks @loader_path/Frameworks";
				MTL_ENABLE_DEBUG_INFO = NO;
				PRODUCT_BUNDLE_IDENTIFIER = com.cososys.CrossFrm;
				PRODUCT_NAME = "$(TARGET_NAME)";
				SKIP_INSTALL = YES;
				SWIFT_OPTIMIZATION_LEVEL = "-Owholemodule";
				SWIFT_VERSION = 3.0;
				VALIDATE_PRODUCT = YES;
				VERSIONING_SYSTEM = "apple-generic";
				VERSION_INFO_PREFIX = "";
			};
			name = Release;
		};
/* End XCBuildConfiguration section */

/* Begin XCConfigurationList section */
		116452C91DA28FD100936C8A /* Build configuration list for PBXProject "CrossFrm" */ = {
			isa = XCConfigurationList;
			buildConfigurations = (
				116452CA1DA28FD100936C8A /* Debug */,
				116452CB1DA28FD100936C8A /* Release */,
			);
			defaultConfigurationIsVisible = 0;
			defaultConfigurationName = Release;
		};
		11D58BBA1DA2A0B80022F903 /* Build configuration list for PBXNativeTarget "CrossFrmTests" */ = {
			isa = XCConfigurationList;
			buildConfigurations = (
				11D58BB81DA2A0B80022F903 /* Debug */,
				11D58BB91DA2A0B80022F903 /* Release */,
			);
			defaultConfigurationIsVisible = 0;
			defaultConfigurationName = Release;
		};
		11F6827A1DA295A60018E6AF /* Build configuration list for PBXNativeTarget "CrossFrm" */ = {
			isa = XCConfigurationList;
			buildConfigurations = (
				11F682781DA295A60018E6AF /* Debug */,
				11F682791DA295A60018E6AF /* Release */,
			);
			defaultConfigurationIsVisible = 0;
			defaultConfigurationName = Release;
		};
/* End XCConfigurationList section */
	};
	rootObject = 116452C61DA28FD100936C8A /* Project object */;
}
